
Microsoft Visual Studio Solution File, Format Version 12.00
# Visual Studio 15
VisualStudioVersion = 15.0.27703.2035
MinimumVisualStudioVersion = 10.0.40219.1
Project("{9A19103F-16F7-4668-BE54-9A1E7A4F7556}") = "spa", "spa\spa.csproj", "{B0326736-09CB-42DD-B1E0-5600674AA59A}"
EndProject
Project("{FAE04EC0-301F-11D3-BF4B-00C04F79EFBC}") = "Bus.Service", "Bus.Service\Bus.Service.csproj", "{3A1D600B-CF11-4CBE-9FBC-A42907F3C02C}"
EndProject
Global
	GlobalSection(SolutionConfigurationPlatforms) = preSolution
		Debug|Any CPU = Debug|Any CPU
		Release|Any CPU = Release|Any CPU
	EndGlobalSection
	GlobalSection(ProjectConfigurationPlatforms) = postSolution
		{B0326736-09CB-42DD-B1E0-5600674AA59A}.Debug|Any CPU.ActiveCfg = Debug|Any CPU
		{B0326736-09CB-42DD-B1E0-5600674AA59A}.Debug|Any CPU.Build.0 = Debug|Any CPU
		{B0326736-09CB-42DD-B1E0-5600674AA59A}.Release|Any CPU.ActiveCfg = Release|Any CPU
		{B0326736-09CB-42DD-B1E0-5600674AA59A}.Release|Any CPU.Build.0 = Release|Any CPU
		{3A1D600B-CF11-4CBE-9FBC-A42907F3C02C}.Debug|Any CPU.ActiveCfg = Debug|Any CPU
		{3A1D600B-CF11-4CBE-9FBC-A42907F3C02C}.Debug|Any CPU.Build.0 = Debug|Any CPU
		{3A1D600B-CF11-4CBE-9FBC-A42907F3C02C}.Release|Any CPU.ActiveCfg = Release|Any CPU
		{3A1D600B-CF11-4CBE-9FBC-A42907F3C02C}.Release|Any CPU.Build.0 = Release|Any CPU
	EndGlobalSection
	GlobalSection(SolutionProperties) = preSolution
		HideSolutionNode = FALSE
	EndGlobalSection
	GlobalSection(ExtensibilityGlobals) = postSolution
		SolutionGuid = {CB3E2E69-69B9-46D8-B56B-606565C00349}
	EndGlobalSection
EndGlobal
